NeoBundleLock neobundle.vim eefc3b845612d9476fc43efe495945c32d13cb5d
NeoBundleLock neocomplete 738bf323deaa844f9bd45c9a65d99699e73cd772
NeoBundleLock neosnippet ce3c3d209c38a6d87bbf1408d293e179f95e7bb8
NeoBundleLock neosnippet-snippets 1cd353ac0d0e9ad0eba9d57e3eda34b3abefd7ff
NeoBundleLock nerdcommenter 1f4bfd59920c101a30a74a07b824608a6e65f3fe
NeoBundleLock python-mode 58aac7bcf9ac617eb3f050759225438572e7e025
NeoBundleLock vim-airline 377010ea6e73f2d2b4b15a31137aa6922e53e546
NeoBundleLock vim-airline-themes a59cea9cae61654d7ba98ef100e3e8883c4b4022
NeoBundleLock vim-colors-solarized 528a59f26d12278698bb946f8fb82a63711eec21
NeoBundleLock vim-cpp-enhanced-highlight 18d0bca0b8e8cc8abf65e43c61b28e4608059591
NeoBundleLock vim-fugitive 841adb49add27ccc45e73e231d02103f1be987c4
NeoBundleLock vim-indent-guides 705c5fdf0d79d6efa5b07997fb92b0d2f767e09a
NeoBundleLock vim-snippets 58aac7bcf9ac617eb3f050759225438572e7e025
NeoBundleLock vimproc.vim 9269f3861a767733cc4d9fc44668e98fabcca7e9
